<?xml version="1.0" encoding="utf-8"?>
<Project ToolsVersion="4.0" xmlns="http://schemas.microsoft.com/developer/msbuild/2003">
  <ItemGroup>
    <Filter Include="Source Files">
      <UniqueIdentifier>{4FC737F1-C7A5-4376-A066-2A32D752A2FF}</UniqueIdentifier>
      <Extensions>cpp;c;cc;cxx;c++;cppm;ixx;def;odl;idl;hpj;bat;asm;asmx</Extensions>
    </Filter>
    <Filter Include="Header Files">
      <UniqueIdentifier>{93995380-89BD-4b04-88EB-625FBE52EBFB}</UniqueIdentifier>
      <Extensions>h;hh;hpp;hxx;h++;hm;inl;inc;ipp;xsd</Extensions>
    </Filter>
    <Filter Include="Resource Files">
      <UniqueIdentifier>{67DA6AB6-F800-4c08-8B7A-83BB121AAD01}</UniqueIdentifier>
      <Extensions>rc;ico;cur;bmp;dlg;rc2;rct;bin;rgs;gif;jpg;jpeg;jpe;resx;tiff;tif;png;wav;mfcribbon-ms</Extensions>
    </Filter>
    <Filter Include="Header Files\Platform">
      <UniqueIdentifier>{5192500c-eeab-4d79-ab10-5ee9986e53d3}</UniqueIdentifier>
    </Filter>
    <Filter Include="Source Files\Platform">
      <UniqueIdentifier>{213cf254-f66b-4336-b5ae-747ab2d3e396}</UniqueIdentifier>
    </Filter>
    <Filter Include="Header Files\Core">
      <UniqueIdentifier>{a4c1a96b-fed0-49a5-88ef-8db9d7780994}</UniqueIdentifier>
    </Filter>
    <Filter Include="Header Files\Data">
      <UniqueIdentifier>{eec0ddc2-83c9-450f-8534-6ed8679d450b}</UniqueIdentifier>
    </Filter>
    <Filter Include="Header Files\Systems">
      <UniqueIdentifier>{4e940674-2dd0-44c6-b1f4-b79c7b7bd88e}</UniqueIdentifier>
    </Filter>
    <Filter Include="Header Files\Components">
      <UniqueIdentifier>{24d32f53-bc0c-4c68-8568-dcb2fb817fc0}</UniqueIdentifier>
    </Filter>
    <Filter Include="Source Files\Components">
      <UniqueIdentifier>{ba8eff3b-3bd5-4bf4-8d31-b055f5f0adb2}</UniqueIdentifier>
    </Filter>
    <Filter Include="Source Files\Core">
      <UniqueIdentifier>{aa4c1912-4aad-4c80-b92b-3bfa12c2883d}</UniqueIdentifier>
    </Filter>
    <Filter Include="Source Files\Systems">
      <UniqueIdentifier>{01728fb2-f3b1-4476-b83c-ad64a016f410}</UniqueIdentifier>
    </Filter>
    <Filter Include="Source Files\Data">
      <UniqueIdentifier>{5078b04b-428d-4985-b22b-31cdec125d89}</UniqueIdentifier>
    </Filter>
    <Filter Include="Source Files\Development">
      <UniqueIdentifier>{a318e7ab-1d43-4262-91ca-024eaee6e3fe}</UniqueIdentifier>
    </Filter>
    <Filter Include="Header Files\Development">
      <UniqueIdentifier>{0928c15c-5371-45d7-8782-56209cf0a4a3}</UniqueIdentifier>
    </Filter>
  </ItemGroup>
  <ItemGroup>
    <ClInclude Include="framework.h">
      <Filter>Header Files</Filter>
    </ClInclude>
    <ClInclude Include="pch.h">
      <Filter>Header Files</Filter>
    </ClInclude>
    <ClInclude Include="SFMLEntityRenderer.h">
      <Filter>Header Files\Platform</Filter>
    </ClInclude>
    <ClInclude Include="SFMLInputHandler.h">
      <Filter>Header Files\Platform</Filter>
    </ClInclude>
    <ClInclude Include="SFMLRenderer.h">
      <Filter>Header Files\Platform</Filter>
    </ClInclude>
    <ClInclude Include="SFMLTime.h">
      <Filter>Header Files\Platform</Filter>
    </ClInclude>
    <ClInclude Include="SFMLWindow.h">
      <Filter>Header Files\Platform</Filter>
    </ClInclude>
    <ClInclude Include="BaseEntityRenderer.h">
      <Filter>Header Files\Platform</Filter>
    </ClInclude>
    <ClInclude Include="BaseInputHandler.h">
      <Filter>Header Files\Platform</Filter>
    </ClInclude>
    <ClInclude Include="BaseRenderer.h">
      <Filter>Header Files\Platform</Filter>
    </ClInclude>
    <ClInclude Include="BaseTime.h">
      <Filter>Header Files\Platform</Filter>
    </ClInclude>
    <ClInclude Include="BaseWindow.h">
      <Filter>Header Files\Platform</Filter>
    </ClInclude>
    <ClInclude Include="Component.h">
      <Filter>Header Files\Core</Filter>
    </ClInclude>
    <ClInclude Include="Core.h">
      <Filter>Header Files\Core</Filter>
    </ClInclude>
    <ClInclude Include="Entity.h">
      <Filter>Header Files\Core</Filter>
    </ClInclude>
    <ClInclude Include="Game.h">
      <Filter>Header Files\Core</Filter>
    </ClInclude>
    <ClInclude Include="Collision.h">
      <Filter>Header Files\Data</Filter>
    </ClInclude>
    <ClInclude Include="Color.h">
      <Filter>Header Files\Data</Filter>
    </ClInclude>
    <ClInclude Include="Key.h">
      <Filter>Header Files\Data</Filter>
    </ClInclude>
    <ClInclude Include="Rect.h">
      <Filter>Header Files\Data</Filter>
    </ClInclude>
    <ClInclude Include="Shape.h">
      <Filter>Header Files\Data</Filter>
    </ClInclude>
    <ClInclude Include="Sprite.h">
      <Filter>Header Files\Data</Filter>
    </ClInclude>
    <ClInclude Include="Vector2.h">
      <Filter>Header Files\Data</Filter>
    </ClInclude>
    <ClInclude Include="CollisionSystem.h">
      <Filter>Header Files\Systems</Filter>
    </ClInclude>
    <ClInclude Include="Physics.h">
      <Filter>Header Files\Systems</Filter>
    </ClInclude>
    <ClInclude Include="EntityController.h">
      <Filter>Header Files\Systems</Filter>
    </ClInclude>
    <ClInclude Include="RenderType.h">
      <Filter>Header Files\Data</Filter>
    </ClInclude>
    <ClInclude Include="Input.h">
      <Filter>Header Files\Systems</Filter>
    </ClInclude>
    <ClInclude Include="SpriteRenderer.h">
      <Filter>Header Files\Components</Filter>
    </ClInclude>
    <ClInclude Include="ShapeRenderer.h">
      <Filter>Header Files\Components</Filter>
    </ClInclude>
    <ClInclude Include="Collider.h">
      <Filter>Header Files\Components</Filter>
    </ClInclude>
    <ClInclude Include="Camera.h">
      <Filter>Header Files\Components</Filter>
    </ClInclude>
    <ClInclude Include="Transform.h">
      <Filter>Header Files\Components</Filter>
    </ClInclude>
    <ClInclude Include="Event.h">
      <Filter>Header Files\Core</Filter>
    </ClInclude>
    <ClInclude Include="VectorExtensions.h">
      <Filter>Header Files\Core</Filter>
    </ClInclude>
    <ClInclude Include="TextRenderer.h">
      <Filter>Header Files\Components</Filter>
    </ClInclude>
    <ClInclude Include="Service.h">
      <Filter>Header Files\Core</Filter>
    </ClInclude>
    <ClInclude Include="RectCollider.h">
      <Filter>Header Files\Components</Filter>
    </ClInclude>
    <ClInclude Include="CircleCollider.h">
      <Filter>Header Files\Components</Filter>
    </ClInclude>
    <ClInclude Include="EntityHierarchyUI.h">
      <Filter>Header Files\Development</Filter>
    </ClInclude>
  </ItemGroup>
  <ItemGroup>
    <ClCompile Include="pch.cpp">
      <Filter>Source Files</Filter>
    </ClCompile>
    <ClCompile Include="SFMLEntityRenderer.cpp">
      <Filter>Source Files\Platform</Filter>
    </ClCompile>
    <ClCompile Include="SFMLInputHandler.cpp">
      <Filter>Source Files\Platform</Filter>
    </ClCompile>
    <ClCompile Include="SFMLRenderer.cpp">
      <Filter>Source Files\Platform</Filter>
    </ClCompile>
    <ClCompile Include="SFMLTime.cpp">
      <Filter>Source Files\Platform</Filter>
    </ClCompile>
    <ClCompile Include="SFMLWindow.cpp">
      <Filter>Source Files\Platform</Filter>
    </ClCompile>
    <ClCompile Include="Transform.cpp">
      <Filter>Source Files\Components</Filter>
    </ClCompile>
    <ClCompile Include="ShapeRenderer.cpp">
      <Filter>Source Files\Components</Filter>
    </ClCompile>
    <ClCompile Include="SpriteRenderer.cpp">
      <Filter>Source Files\Components</Filter>
    </ClCompile>
    <ClCompile Include="Collider.cpp">
      <Filter>Source Files\Components</Filter>
    </ClCompile>
    <ClCompile Include="Camera.cpp">
      <Filter>Source Files\Components</Filter>
    </ClCompile>
    <ClCompile Include="Entity.cpp">
      <Filter>Source Files\Core</Filter>
    </ClCompile>
    <ClCompile Include="Game.cpp">
      <Filter>Source Files\Core</Filter>
    </ClCompile>
    <ClCompile Include="CollisionSystem.cpp">
      <Filter>Source Files\Systems</Filter>
    </ClCompile>
    <ClCompile Include="EntityController.cpp">
      <Filter>Source Files\Systems</Filter>
    </ClCompile>
    <ClCompile Include="Physics.cpp">
      <Filter>Source Files\Systems</Filter>
    </ClCompile>
    <ClCompile Include="Vector2.cpp">
      <Filter>Source Files\Data</Filter>
    </ClCompile>
    <ClCompile Include="Rect.cpp">
      <Filter>Source Files\Data</Filter>
    </ClCompile>
    <ClCompile Include="TextRenderer.cpp">
      <Filter>Source Files\Components</Filter>
    </ClCompile>
    <ClCompile Include="Service.cpp">
      <Filter>Source Files</Filter>
    </ClCompile>
    <ClCompile Include="RectCollider.cpp">
      <Filter>Source Files\Components</Filter>
    </ClCompile>
    <ClCompile Include="CircleCollider.cpp">
      <Filter>Source Files\Components</Filter>
    </ClCompile>
    <ClCompile Include="EntityHierarchyUI.cpp">
      <Filter>Source Files\Development</Filter>
    </ClCompile>
  </ItemGroup>
</Project>